
Microsoft Visual Studio Solution File, Format Version 12.00
# Visual Studio Version 17
VisualStudioVersion = 17.9.34728.123
MinimumVisualStudioVersion = 10.0.40219.1
Project("{9A19103F-16F7-4668-BE54-9A1E7A4F7556}") = "Calculadora", "Calculadora\Calculadora.csproj", "{9AB8C45F-3549-4EF0-B928-5236EEF74B48}"
EndProject
Project("{FAE04EC0-301F-11D3-BF4B-00C04F79EFBC}") = "Testalculadora", "Testalculadora\Testalculadora.csproj", "{9FF2B1D7-BDE9-416D-B3BD-7E7823A5D25F}"
EndProject
Global
	GlobalSection(SolutionConfigurationPlatforms) = preSolution
		Debug|Any CPU = Debug|Any CPU
		Release|Any CPU = Release|Any CPU
	EndGlobalSection
	GlobalSection(ProjectConfigurationPlatforms) = postSolution
		{9AB8C45F-3549-4EF0-B928-5236EEF74B48}.Debug|Any CPU.ActiveCfg = Debug|Any CPU
		{9AB8C45F-3549-4EF0-B928-5236EEF74B48}.Debug|Any CPU.Build.0 = Debug|Any CPU
		{9AB8C45F-3549-4EF0-B928-5236EEF74B48}.Release|Any CPU.ActiveCfg = Release|Any CPU
		{9AB8C45F-3549-4EF0-B928-5236EEF74B48}.Release|Any CPU.Build.0 = Release|Any CPU
		{9FF2B1D7-BDE9-416D-B3BD-7E7823A5D25F}.Debug|Any CPU.ActiveCfg = Debug|Any CPU
		{9FF2B1D7-BDE9-416D-B3BD-7E7823A5D25F}.Debug|Any CPU.Build.0 = Debug|Any CPU
		{9FF2B1D7-BDE9-416D-B3BD-7E7823A5D25F}.Release|Any CPU.ActiveCfg = Release|Any CPU
		{9FF2B1D7-BDE9-416D-B3BD-7E7823A5D25F}.Release|Any CPU.Build.0 = Release|Any CPU
	EndGlobalSection
	GlobalSection(SolutionProperties) = preSolution
		HideSolutionNode = FALSE
	EndGlobalSection
	GlobalSection(ExtensibilityGlobals) = postSolution
		SolutionGuid = {0DE643A4-5DC4-4415-87F3-A87B1390D6BE}
	EndGlobalSection
EndGlobal
